PODS:
  - AFNetworking (1.3.3)
  - MBProgressHUD (0.8)
  - SBJson (3.2)

DEPENDENCIES:
  - AFNetworking (~> 1.3.3)
  - MBProgressHUD (~> 0.8)
  - SBJson (~> 3.2)

SPEC CHECKSUMS:
  AFNetworking: 61fdd49e2ffe6380378df37b3b6e70630bb9dd66
  MBProgressHUD: 2bbc6f470111daf7f3eaa4eb12b8cbf01c4c0622
  SBJson: abc2bf2baef456d5dae213f9826fe2b6fdf19861

COCOAPODS: 0.31.1
