// !$*UTF8*$!
{
	archiveVersion = 1;
	classes = {
	};
	objectVersion = 46;
	objects = {

/* Begin PBXBuildFile section */
		180187F518F62EED005FBBE8 /* BuyWelViewController.m in Sources */ = {isa = PBXBuildFile; fileRef = 180187F418F62EED005FBBE8 /* BuyWelViewController.m */; };
		180187F718F6315C005FBBE8 /* BuyWelViewController.xib in Resources */ = {isa = PBXBuildFile; fileRef = 180187F618F6315C005FBBE8 /* BuyWelViewController.xib */; };
		180187FB18F6628D005FBBE8 /* MeDetailViewController.m in Sources */ = {isa = PBXBuildFile; fileRef = 180187F918F6628D005FBBE8 /* MeDetailViewController.m */; };
		1801880018F66799005FBBE8 /* ChangePwdViewController.m in Sources */ = {isa = PBXBuildFile; fileRef = 180187FE18F66799005FBBE8 /* ChangePwdViewController.m */; };
		1801880118F66799005FBBE8 /* ChangePwdViewController.xib in Resources */ = {isa = PBXBuildFile; fileRef = 180187FF18F66799005FBBE8 /* ChangePwdViewController.xib */; };
		1801880518F66E78005FBBE8 /* UserScoreViewController.m in Sources */ = {isa = PBXBuildFile; fileRef = 1801880318F66E78005FBBE8 /* UserScoreViewController.m */; };
		1801880618F66E78005FBBE8 /* UserScoreViewController.xib in Resources */ = {isa = PBXBuildFile; fileRef = 1801880418F66E78005FBBE8 /* UserScoreViewController.xib */; };
		1801880918F6723B005FBBE8 /* ScoreInfo.m in Sources */ = {isa = PBXBuildFile; fileRef = 1801880818F6723B005FBBE8 /* ScoreInfo.m */; };
		1801880D18F67986005FBBE8 /* OrderCell.m in Sources */ = {isa = PBXBuildFile; fileRef = 1801880B18F67986005FBBE8 /* OrderCell.m */; };
		1801880E18F67986005FBBE8 /* OrderCell.xib in Resources */ = {isa = PBXBuildFile; fileRef = 1801880C18F67986005FBBE8 /* OrderCell.xib */; };
		1801881118F67AD6005FBBE8 /* OrderInfo.m in Sources */ = {isa = PBXBuildFile; fileRef = 1801881018F67AD6005FBBE8 /* OrderInfo.m */; };
		1801881618F688FE005FBBE8 /* JoyCell.m in Sources */ = {isa = PBXBuildFile; fileRef = 1801881418F688FE005FBBE8 /* JoyCell.m */; };
		1801881718F688FE005FBBE8 /* JoyCell.xib in Resources */ = {isa = PBXBuildFile; fileRef = 1801881518F688FE005FBBE8 /* JoyCell.xib */; };
		1870BF2E1918B95600BC2498 /* NoticeCell.m in Sources */ = {isa = PBXBuildFile; fileRef = 1870BF2D1918B95600BC2498 /* NoticeCell.m */; };
		1870BF311918BDCE00BC2498 /* Notice.m in Sources */ = {isa = PBXBuildFile; fileRef = 1870BF301918BDCE00BC2498 /* Notice.m */; };
		1870BF351918D89D00BC2498 /* ModuleViewController.m in Sources */ = {isa = PBXBuildFile; fileRef = 1870BF331918D89D00BC2498 /* ModuleViewController.m */; };
		1875944D18F2573100ABBD80 /* Foundation.framework in Frameworks */ = {isa = PBXBuildFile; fileRef = 1875944C18F2573100ABBD80 /* Foundation.framework */; };
		1875944F18F2573100ABBD80 /* CoreGraphics.framework in Frameworks */ = {isa = PBXBuildFile; fileRef = 1875944E18F2573100ABBD80 /* CoreGraphics.framework */; };
		1875945118F2573100ABBD80 /* UIKit.framework in Frameworks */ = {isa = PBXBuildFile; fileRef = 1875945018F2573100ABBD80 /* UIKit.framework */; };
		1875945718F2573100ABBD80 /* InfoPlist.strings in Resources */ = {isa = PBXBuildFile; fileRef = 1875945518F2573100ABBD80 /* InfoPlist.strings */; };
		1875945918F2573100ABBD80 /* main.m in Sources */ = {isa = PBXBuildFile; fileRef = 1875945818F2573100ABBD80 /* main.m */; };
		1875945D18F2573100ABBD80 /* AppDelegate.m in Sources */ = {isa = PBXBuildFile; fileRef = 1875945C18F2573100ABBD80 /* AppDelegate.m */; };
		1875945F18F2573100ABBD80 /* Images.xcassets in Resources */ = {isa = PBXBuildFile; fileRef = 1875945E18F2573100ABBD80 /* Images.xcassets */; };
		1875946618F2573100ABBD80 /* XCTest.framework in Frameworks */ = {isa = PBXBuildFile; fileRef = 1875946518F2573100ABBD80 /* XCTest.framework */; };
		1875946718F2573100ABBD80 /* Foundation.framework in Frameworks */ = {isa = PBXBuildFile; fileRef = 1875944C18F2573100ABBD80 /* Foundation.framework */; };
		1875946818F2573100ABBD80 /* UIKit.framework in Frameworks */ = {isa = PBXBuildFile; fileRef = 1875945018F2573100ABBD80 /* UIKit.framework */; };
		1875947018F2573100ABBD80 /* InfoPlist.strings in Resources */ = {isa = PBXBuildFile; fileRef = 1875946E18F2573100ABBD80 /* InfoPlist.strings */; };
		1875947218F2573100ABBD80 /* JoyTests.m in Sources */ = {isa = PBXBuildFile; fileRef = 1875947118F2573100ABBD80 /* JoyTests.m */; };
		1875947E18F289C300ABBD80 /* JAFHTTPClient.m in Sources */ = {isa = PBXBuildFile; fileRef = 1875947D18F289C300ABBD80 /* JAFHTTPClient.m */; };
		1875948418F2ABC800ABBD80 /* HomeViewController.m in Sources */ = {isa = PBXBuildFile; fileRef = 1875948218F2ABC800ABBD80 /* HomeViewController.m */; };
		1875948518F2ABC800ABBD80 /* HomeViewController.xib in Resources */ = {isa = PBXBuildFile; fileRef = 1875948318F2ABC800ABBD80 /* HomeViewController.xib */; };
		1875948918F2ABDC00ABBD80 /* JoyViewController.m in Sources */ = {isa = PBXBuildFile; fileRef = 1875948718F2ABDC00ABBD80 /* JoyViewController.m */; };
		1875948A18F2ABDC00ABBD80 /* JoyViewController.xib in Resources */ = {isa = PBXBuildFile; fileRef = 1875948818F2ABDC00ABBD80 /* JoyViewController.xib */; };
		1875948E18F2ABEA00ABBD80 /* ServiceViewController.m in Sources */ = {isa = PBXBuildFile; fileRef = 1875948C18F2ABEA00ABBD80 /* ServiceViewController.m */; };
		1875948F18F2ABEA00ABBD80 /* ServiceViewController.xib in Resources */ = {isa = PBXBuildFile; fileRef = 1875948D18F2ABEA00ABBD80 /* ServiceViewController.xib */; };
		1875949318F2AC3500ABBD80 /* MeViewController.m in Sources */ = {isa = PBXBuildFile; fileRef = 1875949118F2AC3500ABBD80 /* MeViewController.m */; };
		1875949418F2AC3500ABBD80 /* MeViewController.xib in Resources */ = {isa = PBXBuildFile; fileRef = 1875949218F2AC3500ABBD80 /* MeViewController.xib */; };
		1875949818F2AC8600ABBD80 /* StoreViewController.m in Sources */ = {isa = PBXBuildFile; fileRef = 1875949618F2AC8600ABBD80 /* StoreViewController.m */; };
		1875949D18F2ADC800ABBD80 /* JUser.m in Sources */ = {isa = PBXBuildFile; fileRef = 1875949C18F2ADC800ABBD80 /* JUser.m */; };
		1875952E18F3A3F200ABBD80 /* SignInViewController.m in Sources */ = {isa = PBXBuildFile; fileRef = 1875952C18F3A3F200ABBD80 /* SignInViewController.m */; };
		1875952F18F3A3F200ABBD80 /* SignInViewController.xib in Resources */ = {isa = PBXBuildFile; fileRef = 1875952D18F3A3F200ABBD80 /* SignInViewController.xib */; };
		1875953718F3EC4A00ABBD80 /* AppDelegate+Appearance.m in Sources */ = {isa = PBXBuildFile; fileRef = 1875953618F3EC4A00ABBD80 /* AppDelegate+Appearance.m */; };
		1875953A18F4E15500ABBD80 /* WelInfo.m in Sources */ = {isa = PBXBuildFile; fileRef = 1875953918F4E15500ABBD80 /* WelInfo.m */; };
		1875953E18F4EC6900ABBD80 /* WelDetailViewController.m in Sources */ = {isa = PBXBuildFile; fileRef = 1875953C18F4EC6900ABBD80 /* WelDetailViewController.m */; };
		1875953F18F4EC6900ABBD80 /* WelDetailViewController.xib in Resources */ = {isa = PBXBuildFile; fileRef = 1875953D18F4EC6900ABBD80 /* WelDetailViewController.xib */; };
		1875954318F4FC0E00ABBD80 /* MyOrderListViewController.m in Sources */ = {isa = PBXBuildFile; fileRef = 1875954118F4FC0E00ABBD80 /* MyOrderListViewController.m */; };
		1875954418F4FC0E00ABBD80 /* MyOrderListViewController.xib in Resources */ = {isa = PBXBuildFile; fileRef = 1875954218F4FC0E00ABBD80 /* MyOrderListViewController.xib */; };
		18A8AE7A191A132F002D78D2 /* EventCell.m in Sources */ = {isa = PBXBuildFile; fileRef = 18A8AE79191A132F002D78D2 /* EventCell.m */; };
		18A8AE7D191A1BB8002D78D2 /* Event.m in Sources */ = {isa = PBXBuildFile; fileRef = 18A8AE7C191A1BB8002D78D2 /* Event.m */; };
		18A8AE81191A2CB2002D78D2 /* EventDetailViewController.m in Sources */ = {isa = PBXBuildFile; fileRef = 18A8AE7F191A2CB2002D78D2 /* EventDetailViewController.m */; };
		18A8AE82191A2CB2002D78D2 /* EventDetailViewController.xib in Resources */ = {isa = PBXBuildFile; fileRef = 18A8AE80191A2CB2002D78D2 /* EventDetailViewController.xib */; };
		18E1204C18FE54D400B747EE /* CompanyViewController.m in Sources */ = {isa = PBXBuildFile; fileRef = 18E1204A18FE54D400B747EE /* CompanyViewController.m */; };
		18E31CFC191B1CD8005DDDDE /* CFNetwork.framework in Frameworks */ = {isa = PBXBuildFile; fileRef = 18E31CFB191B1CD8005DDDDE /* CFNetwork.framework */; };
		18E31CFE191B1CDF005DDDDE /* CoreTelephony.framework in Frameworks */ = {isa = PBXBuildFile; fileRef = 18E31CFD191B1CDF005DDDDE /* CoreTelephony.framework */; };
		18E31D03191B5D0F005DDDDE /* Survery.m in Sources */ = {isa = PBXBuildFile; fileRef = 18E31D02191B5D0F005DDDDE /* Survery.m */; };
		18E31D07191B6AEF005DDDDE /* SurveryViewController.m in Sources */ = {isa = PBXBuildFile; fileRef = 18E31D05191B6AEF005DDDDE /* SurveryViewController.m */; };
		18E31D08191B6AEF005DDDDE /* SurveryViewController.xib in Resources */ = {isa = PBXBuildFile; fileRef = 18E31D06191B6AEF005DDDDE /* SurveryViewController.xib */; };
		18E31D0B191B7125005DDDDE /* SurveryCell.m in Sources */ = {isa = PBXBuildFile; fileRef = 18E31D0A191B7125005DDDDE /* SurveryCell.m */; };
		7756B7BF196C20CF00E61168 /* DSHCategoryGoodsViewController.m in Sources */ = {isa = PBXBuildFile; fileRef = 7756B7BE196C20CF00E61168 /* DSHCategoryGoodsViewController.m */; };
		775FA4EF196BD5B4004D0A6D /* ZBHorizontalScrollTableViewCell.m in Sources */ = {isa = PBXBuildFile; fileRef = 775FA4ED196BD5B4004D0A6D /* ZBHorizontalScrollTableViewCell.m */; };
		775FA4F9196BD633004D0A6D /* DSHCart.m in Sources */ = {isa = PBXBuildFile; fileRef = 775FA4F1196BD633004D0A6D /* DSHCart.m */; };
		775FA4FB196BD633004D0A6D /* DSHGoods.m in Sources */ = {isa = PBXBuildFile; fileRef = 775FA4F4196BD633004D0A6D /* DSHGoods.m */; };
		775FA4FC196BD633004D0A6D /* DSHGoodsTableViewCell.m in Sources */ = {isa = PBXBuildFile; fileRef = 775FA4F6196BD633004D0A6D /* DSHGoodsTableViewCell.m */; };
		775FA4FD196BD633004D0A6D /* DSHGoodsView.m in Sources */ = {isa = PBXBuildFile; fileRef = 775FA4F8196BD633004D0A6D /* DSHGoodsView.m */; };
		775FA501196BD991004D0A6D /* LogoStoreViewController.m in Sources */ = {isa = PBXBuildFile; fileRef = 775FA500196BD991004D0A6D /* LogoStoreViewController.m */; };
		775FA504196BDEDD004D0A6D /* DSHCategory.m in Sources */ = {isa = PBXBuildFile; fileRef = 775FA503196BDEDD004D0A6D /* DSHCategory.m */; };
		777FBE25196A720400F3A6F6 /* Company.m in Sources */ = {isa = PBXBuildFile; fileRef = 777FBE24196A720400F3A6F6 /* Company.m */; };
		77A66AE1195D25A300684EFD /* CartViewController.m in Sources */ = {isa = PBXBuildFile; fileRef = 77A66AE0195D25A300684EFD /* CartViewController.m */; };
		77A66AE4195D33FA00684EFD /* StoreViewController.xib in Resources */ = {isa = PBXBuildFile; fileRef = 77A66AE3195D33FA00684EFD /* StoreViewController.xib */; };
		77D5ED801967AAA900686D87 /* Module.m in Sources */ = {isa = PBXBuildFile; fileRef = 77D5ED7F1967AAA900686D87 /* Module.m */; };
		77D5ED831967AB4000686D87 /* ZBModel.m in Sources */ = {isa = PBXBuildFile; fileRef = 77D5ED821967AB4000686D87 /* ZBModel.m */; };
		77D5ED871967AC8D00686D87 /* ModelCollectionViewCell.m in Sources */ = {isa = PBXBuildFile; fileRef = 77D5ED861967AC8D00686D87 /* ModelCollectionViewCell.m */; };
		77D5ED8A1967C80D00686D87 /* NSString+Joy.m in Sources */ = {isa = PBXBuildFile; fileRef = 77D5ED891967C80D00686D87 /* NSString+Joy.m */; };
		77D5ED8E1967F84C00686D87 /* UIColor+Joy.m in Sources */ = {isa = PBXBuildFile; fileRef = 77D5ED8D1967F84C00686D87 /* UIColor+Joy.m */; };
		77D5ED9319682C0800686D87 /* libPushSDK.a in Frameworks */ = {isa = PBXBuildFile; fileRef = 77D5ED9119682C0800686D87 /* libPushSDK.a */; };
		77D5ED9419682C0800686D87 /* PushConfig.plist in Resources */ = {isa = PBXBuildFile; fileRef = 77D5ED9219682C0800686D87 /* PushConfig.plist */; };
		B4527C8AE12045629F520250 /* libPods.a in Frameworks */ = {isa = PBXBuildFile; fileRef = A2EA2BB69CE04D728E516CD4 /* libPods.a */; };
/* End PBXBuildFile section */

/* Begin PBXContainerItemProxy section */
		1875946918F2573100ABBD80 /* PBXContainerItemProxy */ = {
			isa = PBXContainerItemProxy;
			containerPortal = 1875944118F2573100ABBD80 /* Project object */;
			proxyType = 1;
			remoteGlobalIDString = 1875944818F2573100ABBD80;
			remoteInfo = Joy;
		};
/* End PBXContainerItemProxy section */

/* Begin PBXFileReference section */
		180187F318F62EED005FBBE8 /* BuyWelViewController.h */ = {isa = PBXFileReference; fileEncoding = 4; lastKnownFileType = sourcecode.c.h; path = BuyWelViewController.h; sourceTree = "<group>"; };
		180187F418F62EED005FBBE8 /* BuyWelViewController.m */ = {isa = PBXFileReference; fileEncoding = 4; lastKnownFileType = sourcecode.c.objc; path = BuyWelViewController.m; sourceTree = "<group>"; };
		180187F618F6315C005FBBE8 /* BuyWelViewController.xib */ = {isa = PBXFileReference; fileEncoding = 4; lastKnownFileType = file.xib; path = BuyWelViewController.xib; sourceTree = "<group>"; };
		180187F818F6628D005FBBE8 /* MeDetailViewController.h */ = {isa = PBXFileReference; fileEncoding = 4; lastKnownFileType = sourcecode.c.h; path = MeDetailViewController.h; sourceTree = "<group>"; };
		180187F918F6628D005FBBE8 /* MeDetailViewController.m */ = {isa = PBXFileReference; fileEncoding = 4; lastKnownFileType = sourcecode.c.objc; path = MeDetailViewController.m; sourceTree = "<group>"; };
		180187FD18F66799005FBBE8 /* ChangePwdViewController.h */ = {isa = PBXFileReference; fileEncoding = 4; lastKnownFileType = sourcecode.c.h; path = ChangePwdViewController.h; sourceTree = "<group>"; };
		180187FE18F66799005FBBE8 /* ChangePwdViewController.m */ = {isa = PBXFileReference; fileEncoding = 4; lastKnownFileType = sourcecode.c.objc; path = ChangePwdViewController.m; sourceTree = "<group>"; };
		180187FF18F66799005FBBE8 /* ChangePwdViewController.xib */ = {isa = PBXFileReference; fileEncoding = 4; lastKnownFileType = file.xib; path = ChangePwdViewController.xib; sourceTree = "<group>"; };
		1801880218F66E78005FBBE8 /* UserScoreViewController.h */ = {isa = PBXFileReference; fileEncoding = 4; lastKnownFileType = sourcecode.c.h; path = UserScoreViewController.h; sourceTree = "<group>"; };
		1801880318F66E78005FBBE8 /* UserScoreViewController.m */ = {isa = PBXFileReference; fileEncoding = 4; lastKnownFileType = sourcecode.c.objc; path = UserScoreViewController.m; sourceTree = "<group>"; };
		1801880418F66E78005FBBE8 /* UserScoreViewController.xib */ = {isa = PBXFileReference; fileEncoding = 4; lastKnownFileType = file.xib; path = UserScoreViewController.xib; sourceTree = "<group>"; };
		1801880718F6723B005FBBE8 /* ScoreInfo.h */ = {isa = PBXFileReference; fileEncoding = 4; lastKnownFileType = sourcecode.c.h; path = ScoreInfo.h; sourceTree = "<group>"; };
		1801880818F6723B005FBBE8 /* ScoreInfo.m */ = {isa = PBXFileReference; fileEncoding = 4; lastKnownFileType = sourcecode.c.objc; path = ScoreInfo.m; sourceTree = "<group>"; };
		1801880A18F67986005FBBE8 /* OrderCell.h */ = {isa = PBXFileReference; fileEncoding = 4; lastKnownFileType = sourcecode.c.h; path = OrderCell.h; sourceTree = "<group>"; };
		1801880B18F67986005FBBE8 /* OrderCell.m */ = {isa = PBXFileReference; fileEncoding = 4; lastKnownFileType = sourcecode.c.objc; path = OrderCell.m; sourceTree = "<group>"; };
		1801880C18F67986005FBBE8 /* OrderCell.xib */ = {isa = PBXFileReference; fileEncoding = 4; lastKnownFileType = file.xib; path = OrderCell.xib; sourceTree = "<group>"; };
		1801880F18F67AD6005FBBE8 /* OrderInfo.h */ = {isa = PBXFileReference; fileEncoding = 4; lastKnownFileType = sourcecode.c.h; path = OrderInfo.h; sourceTree = "<group>"; };
		1801881018F67AD6005FBBE8 /* OrderInfo.m */ = {isa = PBXFileReference; fileEncoding = 4; lastKnownFileType = sourcecode.c.objc; path = OrderInfo.m; sourceTree = "<group>"; };
		1801881318F688FE005FBBE8 /* JoyCell.h */ = {isa = PBXFileReference; fileEncoding = 4; lastKnownFileType = sourcecode.c.h; path = JoyCell.h; sourceTree = "<group>"; };
		1801881418F688FE005FBBE8 /* JoyCell.m */ = {isa = PBXFileReference; fileEncoding = 4; lastKnownFileType = sourcecode.c.objc; path = JoyCell.m; sourceTree = "<group>"; };
		1801881518F688FE005FBBE8 /* JoyCell.xib */ = {isa = PBXFileReference; fileEncoding = 4; lastKnownFileType = file.xib; path = JoyCell.xib; sourceTree = "<group>"; };
		1839327D1901077000DA5A09 /* zh-Hans */ = {isa = PBXFileReference; lastKnownFileType = text.plist.strings; name = "zh-Hans"; path = "zh-Hans.lproj/InfoPlist.strings"; sourceTree = "<group>"; };
		1839327E1901077000DA5A09 /* zh-Hans */ = {isa = PBXFileReference; lastKnownFileType = text.plist.strings; name = "zh-Hans"; path = "zh-Hans.lproj/InfoPlist.strings"; sourceTree = "<group>"; };
		1870BF2C1918B95600BC2498 /* NoticeCell.h */ = {isa = PBXFileReference; fileEncoding = 4; lastKnownFileType = sourcecode.c.h; path = NoticeCell.h; sourceTree = "<group>"; };
		1870BF2D1918B95600BC2498 /* NoticeCell.m */ = {isa = PBXFileReference; fileEncoding = 4; lastKnownFileType = sourcecode.c.objc; path = NoticeCell.m; sourceTree = "<group>"; };
		1870BF2F1918BDCE00BC2498 /* Notice.h */ = {isa = PBXFileReference; fileEncoding = 4; lastKnownFileType = sourcecode.c.h; path = Notice.h; sourceTree = "<group>"; };
		1870BF301918BDCE00BC2498 /* Notice.m */ = {isa = PBXFileReference; fileEncoding = 4; lastKnownFileType = sourcecode.c.objc; path = Notice.m; sourceTree = "<group>"; };
		1870BF321918D89D00BC2498 /* ModuleViewController.h */ = {isa = PBXFileReference; fileEncoding = 4; lastKnownFileType = sourcecode.c.h; path = ModuleViewController.h; sourceTree = "<group>"; };
		1870BF331918D89D00BC2498 /* ModuleViewController.m */ = {isa = PBXFileReference; fileEncoding = 4; lastKnownFileType = sourcecode.c.objc; path = ModuleViewController.m; sourceTree = "<group>"; };
		1875944918F2573100ABBD80 /* Joy.app */ = {isa = PBXFileReference; explicitFileType = wrapper.application; includeInIndex = 0; path = Joy.app; sourceTree = BUILT_PRODUCTS_DIR; };
		1875944C18F2573100ABBD80 /* Foundation.framework */ = {isa = PBXFileReference; lastKnownFileType = wrapper.framework; name = Foundation.framework; path = System/Library/Frameworks/Foundation.framework; sourceTree = SDKROOT; };
		1875944E18F2573100ABBD80 /* CoreGraphics.framework */ = {isa = PBXFileReference; lastKnownFileType = wrapper.framework; name = CoreGraphics.framework; path = System/Library/Frameworks/CoreGraphics.framework; sourceTree = SDKROOT; };
		1875945018F2573100ABBD80 /* UIKit.framework */ = {isa = PBXFileReference; lastKnownFileType = wrapper.framework; name = UIKit.framework; path = System/Library/Frameworks/UIKit.framework; sourceTree = SDKROOT; };
		1875945418F2573100ABBD80 /* Joy-Info.plist */ = {isa = PBXFileReference; lastKnownFileType = text.plist.xml; path = "Joy-Info.plist"; sourceTree = "<group>"; };
		1875945618F2573100ABBD80 /* en */ = {isa = PBXFileReference; lastKnownFileType = text.plist.strings; name = en; path = en.lproj/InfoPlist.strings; sourceTree = "<group>"; };
		1875945818F2573100ABBD80 /* main.m */ = {isa = PBXFileReference; lastKnownFileType = sourcecode.c.objc; path = main.m; sourceTree = "<group>"; };
		1875945A18F2573100ABBD80 /* Joy-Prefix.pch */ = {isa = PBXFileReference; lastKnownFileType = sourcecode.c.h; path = "Joy-Prefix.pch"; sourceTree = "<group>"; };
		1875945B18F2573100ABBD80 /* AppDelegate.h */ = {isa = PBXFileReference; lastKnownFileType = sourcecode.c.h; path = AppDelegate.h; sourceTree = "<group>"; };
		1875945C18F2573100ABBD80 /* AppDelegate.m */ = {isa = PBXFileReference; lastKnownFileType = sourcecode.c.objc; path = AppDelegate.m; sourceTree = "<group>"; };
		1875945E18F2573100ABBD80 /* Images.xcassets */ = {isa = PBXFileReference; lastKnownFileType = folder.assetcatalog; path = Images.xcassets; sourceTree = "<group>"; };
		1875946418F2573100ABBD80 /* JoyTests.xctest */ = {isa = PBXFileReference; explicitFileType = wrapper.cfbundle; includeInIndex = 0; path = JoyTests.xctest; sourceTree = BUILT_PRODUCTS_DIR; };
		1875946518F2573100ABBD80 /* XCTest.framework */ = {isa = PBXFileReference; lastKnownFileType = wrapper.framework; name = XCTest.framework; path = Library/Frameworks/XCTest.framework; sourceTree = DEVELOPER_DIR; };
		1875946D18F2573100ABBD80 /* JoyTests-Info.plist */ = {isa = PBXFileReference; lastKnownFileType = text.plist.xml; path = "JoyTests-Info.plist"; sourceTree = "<group>"; };
		1875946F18F2573100ABBD80 /* en */ = {isa = PBXFileReference; lastKnownFileType = text.plist.strings; name = en; path = en.lproj/InfoPlist.strings; sourceTree = "<group>"; };
		1875947118F2573100ABBD80 /* JoyTests.m */ = {isa = PBXFileReference; lastKnownFileType = sourcecode.c.objc; path = JoyTests.m; sourceTree = "<group>"; };
		1875947C18F289C300ABBD80 /* JAFHTTPClient.h */ = {isa = PBXFileReference; fileEncoding = 4; lastKnownFileType = sourcecode.c.h; path = JAFHTTPClient.h; sourceTree = "<group>"; };
		1875947D18F289C300ABBD80 /* JAFHTTPClient.m */ = {isa = PBXFileReference; fileEncoding = 4; lastKnownFileType = sourcecode.c.objc; path = JAFHTTPClient.m; sourceTree = "<group>"; };
		1875948118F2ABC800ABBD80 /* HomeViewController.h */ = {isa = PBXFileReference; fileEncoding = 4; lastKnownFileType = sourcecode.c.h; path = HomeViewController.h; sourceTree = "<group>"; };
		1875948218F2ABC800ABBD80 /* HomeViewController.m */ = {isa = PBXFileReference; fileEncoding = 4; lastKnownFileType = sourcecode.c.objc; path = HomeViewController.m; sourceTree = "<group>"; };
		1875948318F2ABC800ABBD80 /* HomeViewController.xib */ = {isa = PBXFileReference; fileEncoding = 4; lastKnownFileType = file.xib; path = HomeViewController.xib; sourceTree = "<group>"; };
		1875948618F2ABDC00ABBD80 /* JoyViewController.h */ = {isa = PBXFileReference; fileEncoding = 4; lastKnownFileType = sourcecode.c.h; path = JoyViewController.h; sourceTree = "<group>"; };
		1875948718F2ABDC00ABBD80 /* JoyViewController.m */ = {isa = PBXFileReference; fileEncoding = 4; lastKnownFileType = sourcecode.c.objc; path = JoyViewController.m; sourceTree = "<group>"; };
		1875948818F2ABDC00ABBD80 /* JoyViewController.xib */ = {isa = PBXFileReference; fileEncoding = 4; lastKnownFileType = file.xib; path = JoyViewController.xib; sourceTree = "<group>"; };
		1875948B18F2ABEA00ABBD80 /* ServiceViewController.h */ = {isa = PBXFileReference; fileEncoding = 4; lastKnownFileType = sourcecode.c.h; path = ServiceViewController.h; sourceTree = "<group>"; };
		1875948C18F2ABEA00ABBD80 /* ServiceViewController.m */ = {isa = PBXFileReference; fileEncoding = 4; lastKnownFileType = sourcecode.c.objc; path = ServiceViewController.m; sourceTree = "<group>"; };
		1875948D18F2ABEA00ABBD80 /* ServiceViewController.xib */ = {isa = PBXFileReference; fileEncoding = 4; lastKnownFileType = file.xib; path = ServiceViewController.xib; sourceTree = "<group>"; };
		1875949018F2AC3500ABBD80 /* MeViewController.h */ = {isa = PBXFileReference; fileEncoding = 4; lastKnownFileType = sourcecode.c.h; path = MeViewController.h; sourceTree = "<group>"; };
		1875949118F2AC3500ABBD80 /* MeViewController.m */ = {isa = PBXFileReference; fileEncoding = 4; lastKnownFileType = sourcecode.c.objc; path = MeViewController.m; sourceTree = "<group>"; };
		1875949218F2AC3500ABBD80 /* MeViewController.xib */ = {isa = PBXFileReference; fileEncoding = 4; lastKnownFileType = file.xib; path = MeViewController.xib; sourceTree = "<group>"; };
		1875949518F2AC8600ABBD80 /* StoreViewController.h */ = {isa = PBXFileReference; fileEncoding = 4; lastKnownFileType = sourcecode.c.h; path = StoreViewController.h; sourceTree = "<group>"; };
		1875949618F2AC8600ABBD80 /* StoreViewController.m */ = {isa = PBXFileReference; fileEncoding = 4; lastKnownFileType = sourcecode.c.objc; path = StoreViewController.m; sourceTree = "<group>"; };
		1875949B18F2ADC800ABBD80 /* JUser.h */ = {isa = PBXFileReference; fileEncoding = 4; lastKnownFileType = sourcecode.c.h; path = JUser.h; sourceTree = "<group>"; };
		1875949C18F2ADC800ABBD80 /* JUser.m */ = {isa = PBXFileReference; fileEncoding = 4; lastKnownFileType = sourcecode.c.objc; path = JUser.m; sourceTree = "<group>"; };
		1875952B18F3A3F200ABBD80 /* SignInViewController.h */ = {isa = PBXFileReference; fileEncoding = 4; lastKnownFileType = sourcecode.c.h; path = SignInViewController.h; sourceTree = "<group>"; };
		1875952C18F3A3F200ABBD80 /* SignInViewController.m */ = {isa = PBXFileReference; fileEncoding = 4; lastKnownFileType = sourcecode.c.objc; path = SignInViewController.m; sourceTree = "<group>"; };
		1875952D18F3A3F200ABBD80 /* SignInViewController.xib */ = {isa = PBXFileReference; fileEncoding = 4; lastKnownFileType = file.xib; path = SignInViewController.xib; sourceTree = "<group>"; };
		1875953518F3EC4A00ABBD80 /* AppDelegate+Appearance.h */ = {isa = PBXFileReference; fileEncoding = 4; lastKnownFileType = sourcecode.c.h; path = "AppDelegate+Appearance.h"; sourceTree = "<group>"; };
		1875953618F3EC4A00ABBD80 /* AppDelegate+Appearance.m */ = {isa = PBXFileReference; fileEncoding = 4; lastKnownFileType = sourcecode.c.objc; path = "AppDelegate+Appearance.m"; sourceTree = "<group>"; };
		1875953818F4E15500ABBD80 /* WelInfo.h */ = {isa = PBXFileReference; fileEncoding = 4; lastKnownFileType = sourcecode.c.h; path = WelInfo.h; sourceTree = "<group>"; };
		1875953918F4E15500ABBD80 /* WelInfo.m */ = {isa = PBXFileReference; fileEncoding = 4; lastKnownFileType = sourcecode.c.objc; path = WelInfo.m; sourceTree = "<group>"; };
		1875953B18F4EC6900ABBD80 /* WelDetailViewController.h */ = {isa = PBXFileReference; fileEncoding = 4; lastKnownFileType = sourcecode.c.h; path = WelDetailViewController.h; sourceTree = "<group>"; };
		1875953C18F4EC6900ABBD80 /* WelDetailViewController.m */ = {isa = PBXFileReference; fileEncoding = 4; lastKnownFileType = sourcecode.c.objc; path = WelDetailViewController.m; sourceTree = "<group>"; };
		1875953D18F4EC6900ABBD80 /* WelDetailViewController.xib */ = {isa = PBXFileReference; fileEncoding = 4; lastKnownFileType = file.xib; path = WelDetailViewController.xib; sourceTree = "<group>"; };
		1875954018F4FC0E00ABBD80 /* MyOrderListViewController.h */ = {isa = PBXFileReference; fileEncoding = 4; lastKnownFileType = sourcecode.c.h; path = MyOrderListViewController.h; sourceTree = "<group>"; };
		1875954118F4FC0E00ABBD80 /* MyOrderListViewController.m */ = {isa = PBXFileReference; fileEncoding = 4; lastKnownFileType = sourcecode.c.objc; path = MyOrderListViewController.m; sourceTree = "<group>"; };
		1875954218F4FC0E00ABBD80 /* MyOrderListViewController.xib */ = {isa = PBXFileReference; fileEncoding = 4; lastKnownFileType = file.xib; path = MyOrderListViewController.xib; sourceTree = "<group>"; };
		18A8AE78191A132E002D78D2 /* EventCell.h */ = {isa = PBXFileReference; fileEncoding = 4; lastKnownFileType = sourcecode.c.h; path = EventCell.h; sourceTree = "<group>"; };
		18A8AE79191A132F002D78D2 /* EventCell.m */ = {isa = PBXFileReference; fileEncoding = 4; lastKnownFileType = sourcecode.c.objc; path = EventCell.m; sourceTree = "<group>"; };
		18A8AE7B191A1BB8002D78D2 /* Event.h */ = {isa = PBXFileReference; fileEncoding = 4; lastKnownFileType = sourcecode.c.h; path = Event.h; sourceTree = "<group>"; };
		18A8AE7C191A1BB8002D78D2 /* Event.m */ = {isa = PBXFileReference; fileEncoding = 4; lastKnownFileType = sourcecode.c.objc; path = Event.m; sourceTree = "<group>"; };
		18A8AE7E191A2CB2002D78D2 /* EventDetailViewController.h */ = {isa = PBXFileReference; fileEncoding = 4; lastKnownFileType = sourcecode.c.h; path = EventDetailViewController.h; sourceTree = "<group>"; };
		18A8AE7F191A2CB2002D78D2 /* EventDetailViewController.m */ = {isa = PBXFileReference; fileEncoding = 4; lastKnownFileType = sourcecode.c.objc; path = EventDetailViewController.m; sourceTree = "<group>"; };
		18A8AE80191A2CB2002D78D2 /* EventDetailViewController.xib */ = {isa = PBXFileReference; fileEncoding = 4; lastKnownFileType = file.xib; path = EventDetailViewController.xib; sourceTree = "<group>"; };
		18E1204918FE54D400B747EE /* CompanyViewController.h */ = {isa = PBXFileReference; fileEncoding = 4; lastKnownFileType = sourcecode.c.h; path = CompanyViewController.h; sourceTree = "<group>"; };
		18E1204A18FE54D400B747EE /* CompanyViewController.m */ = {isa = PBXFileReference; fileEncoding = 4; lastKnownFileType = sourcecode.c.objc; path = CompanyViewController.m; sourceTree = "<group>"; };
		18E31CFB191B1CD8005DDDDE /* CFNetwork.framework */ = {isa = PBXFileReference; lastKnownFileType = wrapper.framework; name = CFNetwork.framework; path = System/Library/Frameworks/CFNetwork.framework; sourceTree = SDKROOT; };
		18E31CFD191B1CDF005DDDDE /* CoreTelephony.framework */ = {isa = PBXFileReference; lastKnownFileType = wrapper.framework; name = CoreTelephony.framework; path = System/Library/Frameworks/CoreTelephony.framework; sourceTree = SDKROOT; };
		18E31D01191B5D0F005DDDDE /* Survery.h */ = {isa = PBXFileReference; fileEncoding = 4; lastKnownFileType = sourcecode.c.h; path = Survery.h; sourceTree = "<group>"; };
		18E31D02191B5D0F005DDDDE /* Survery.m */ = {isa = PBXFileReference; fileEncoding = 4; lastKnownFileType = sourcecode.c.objc; path = Survery.m; sourceTree = "<group>"; };
		18E31D04191B6AEF005DDDDE /* SurveryViewController.h */ = {isa = PBXFileReference; fileEncoding = 4; lastKnownFileType = sourcecode.c.h; path = SurveryViewController.h; sourceTree = "<group>"; };
		18E31D05191B6AEF005DDDDE /* SurveryViewController.m */ = {isa = PBXFileReference; fileEncoding = 4; lastKnownFileType = sourcecode.c.objc; path = SurveryViewController.m; sourceTree = "<group>"; };
		18E31D06191B6AEF005DDDDE /* SurveryViewController.xib */ = {isa = PBXFileReference; fileEncoding = 4; lastKnownFileType = file.xib; path = SurveryViewController.xib; sourceTree = "<group>"; };
		18E31D09191B7125005DDDDE /* SurveryCell.h */ = {isa = PBXFileReference; fileEncoding = 4; lastKnownFileType = sourcecode.c.h; path = SurveryCell.h; sourceTree = "<group>"; };
		18E31D0A191B7125005DDDDE /* SurveryCell.m */ = {isa = PBXFileReference; fileEncoding = 4; lastKnownFileType = sourcecode.c.objc; path = SurveryCell.m; sourceTree = "<group>"; };
		4531E4A170424FF4B52FC584 /* Pods.xcconfig */ = {isa = PBXFileReference; includeInIndex = 1; lastKnownFileType = text.xcconfig; name = Pods.xcconfig; path = Pods/Pods.xcconfig; sourceTree = "<group>"; };
		7756B7BD196C20CF00E61168 /* DSHCategoryGoodsViewController.h */ = {isa = PBXFileReference; fileEncoding = 4; lastKnownFileType = sourcecode.c.h; path = DSHCategoryGoodsViewController.h; sourceTree = "<group>"; };
		7756B7BE196C20CF00E61168 /* DSHCategoryGoodsViewController.m */ = {isa = PBXFileReference; fileEncoding = 4; lastKnownFileType = sourcecode.c.objc; path = DSHCategoryGoodsViewController.m; sourceTree = "<group>"; };
		775FA4ED196BD5B4004D0A6D /* ZBHorizontalScrollTableViewCell.m */ = {isa = PBXFileReference; fileEncoding = 4; lastKnownFileType = sourcecode.c.objc; path = ZBHorizontalScrollTableViewCell.m; sourceTree = "<group>"; };
		775FA4EE196BD5B4004D0A6D /* ZBHorizontalScrollTableViewCell.h */ = {isa = PBXFileReference; fileEncoding = 4; lastKnownFileType = sourcecode.c.h; path = ZBHorizontalScrollTableViewCell.h; sourceTree = "<group>"; };
		775FA4F0196BD633004D0A6D /* DSHCart.h */ = {isa = PBXFileReference; fileEncoding = 4; lastKnownFileType = sourcecode.c.h; path = DSHCart.h; sourceTree = "<group>"; };
		775FA4F1196BD633004D0A6D /* DSHCart.m */ = {isa = PBXFileReference; fileEncoding = 4; lastKnownFileType = sourcecode.c.objc; path = DSHCart.m; sourceTree = "<group>"; };
		775FA4F4196BD633004D0A6D /* DSHGoods.m */ = {isa = PBXFileReference; fileEncoding = 4; lastKnownFileType = sourcecode.c.objc; path = DSHGoods.m; sourceTree = "<group>"; };
		775FA4F5196BD633004D0A6D /* DSHGoodsTableViewCell.h */ = {isa = PBXFileReference; fileEncoding = 4; lastKnownFileType = sourcecode.c.h; path = DSHGoodsTableViewCell.h; sourceTree = "<group>"; };
		775FA4F6196BD633004D0A6D /* DSHGoodsTableViewCell.m */ = {isa = PBXFileReference; fileEncoding = 4; lastKnownFileType = sourcecode.c.objc; path = DSHGoodsTableViewCell.m; sourceTree = "<group>"; };
		775FA4F7196BD633004D0A6D /* DSHGoodsView.h */ = {isa = PBXFileReference; fileEncoding = 4; lastKnownFileType = sourcecode.c.h; path = DSHGoodsView.h; sourceTree = "<group>"; };
		775FA4F8196BD633004D0A6D /* DSHGoodsView.m */ = {isa = PBXFileReference; fileEncoding = 4; lastKnownFileType = sourcecode.c.objc; path = DSHGoodsView.m; sourceTree = "<group>"; };
		775FA4FE196BD67D004D0A6D /* DSHGoods.h */ = {isa = PBXFileReference; fileEncoding = 4; lastKnownFileType = sourcecode.c.h; path = DSHGoods.h; sourceTree = "<group>"; };
		775FA4FF196BD991004D0A6D /* LogoStoreViewController.h */ = {isa = PBXFileReference; fileEncoding = 4; lastKnownFileType = sourcecode.c.h; path = LogoStoreViewController.h; sourceTree = "<group>"; };
		775FA500196BD991004D0A6D /* LogoStoreViewController.m */ = {isa = PBXFileReference; fileEncoding = 4; lastKnownFileType = sourcecode.c.objc; path = LogoStoreViewController.m; sourceTree = "<group>"; };
		775FA502196BDEDD004D0A6D /* DSHCategory.h */ = {isa = PBXFileReference; fileEncoding = 4; lastKnownFileType = sourcecode.c.h; path = DSHCategory.h; sourceTree = "<group>"; };
		775FA503196BDEDD004D0A6D /* DSHCategory.m */ = {isa = PBXFileReference; fileEncoding = 4; lastKnownFileType = sourcecode.c.objc; path = DSHCategory.m; sourceTree = "<group>"; };
		777FBE23196A720400F3A6F6 /* Company.h */ = {isa = PBXFileReference; fileEncoding = 4; lastKnownFileType = sourcecode.c.h; path = Company.h; sourceTree = "<group>"; };
		777FBE24196A720400F3A6F6 /* Company.m */ = {isa = PBXFileReference; fileEncoding = 4; lastKnownFileType = sourcecode.c.objc; path = Company.m; sourceTree = "<group>"; };
		77A66ADF195D25A300684EFD /* CartViewController.h */ = {isa = PBXFileReference; fileEncoding = 4; lastKnownFileType = sourcecode.c.h; path = CartViewController.h; sourceTree = "<group>"; };
		77A66AE0195D25A300684EFD /* CartViewController.m */ = {isa = PBXFileReference; fileEncoding = 4; lastKnownFileType = sourcecode.c.objc; path = CartViewController.m; sourceTree = "<group>"; };
		77A66AE3195D33FA00684EFD /* StoreViewController.xib */ = {isa = PBXFileReference; fileEncoding = 4; lastKnownFileType = file.xib; path = StoreViewController.xib; sourceTree = "<group>"; };
		77D5ED7E1967AAA900686D87 /* Module.h */ = {isa = PBXFileReference; fileEncoding = 4; lastKnownFileType = sourcecode.c.h; path = Module.h; sourceTree = "<group>"; };
		77D5ED7F1967AAA900686D87 /* Module.m */ = {isa = PBXFileReference; fileEncoding = 4; lastKnownFileType = sourcecode.c.objc; path = Module.m; sourceTree = "<group>"; };
		77D5ED811967AB4000686D87 /* ZBModel.h */ = {isa = PBXFileReference; fileEncoding = 4; lastKnownFileType = sourcecode.c.h; path = ZBModel.h; sourceTree = "<group>"; };
		77D5ED821967AB4000686D87 /* ZBModel.m */ = {isa = PBXFileReference; fileEncoding = 4; lastKnownFileType = sourcecode.c.objc; path = ZBModel.m; sourceTree = "<group>"; };
		77D5ED851967AC8D00686D87 /* ModelCollectionViewCell.h */ = {isa = PBXFileReference; fileEncoding = 4; lastKnownFileType = sourcecode.c.h; path = ModelCollectionViewCell.h; sourceTree = "<group>"; };
		77D5ED861967AC8D00686D87 /* ModelCollectionViewCell.m */ = {isa = PBXFileReference; fileEncoding = 4; lastKnownFileType = sourcecode.c.objc; path = ModelCollectionViewCell.m; sourceTree = "<group>"; };
		77D5ED881967C80D00686D87 /* NSString+Joy.h */ = {isa = PBXFileReference; fileEncoding = 4; lastKnownFileType = sourcecode.c.h; path = "NSString+Joy.h"; sourceTree = "<group>"; };
		77D5ED891967C80D00686D87 /* NSString+Joy.m */ = {isa = PBXFileReference; fileEncoding = 4; lastKnownFileType = sourcecode.c.objc; path = "NSString+Joy.m"; sourceTree = "<group>"; };
		77D5ED8C1967F84C00686D87 /* UIColor+Joy.h */ = {isa = PBXFileReference; fileEncoding = 4; lastKnownFileType = sourcecode.c.h; path = "UIColor+Joy.h"; sourceTree = "<group>"; };
		77D5ED8D1967F84C00686D87 /* UIColor+Joy.m */ = {isa = PBXFileReference; fileEncoding = 4; lastKnownFileType = sourcecode.c.objc; path = "UIColor+Joy.m"; sourceTree = "<group>"; };
		77D5ED9019682C0800686D87 /* APService.h */ = {isa = PBXFileReference; fileEncoding = 4; lastKnownFileType = sourcecode.c.h; path = APService.h; sourceTree = "<group>"; };
		77D5ED9119682C0800686D87 /* libPushSDK.a */ = {isa = PBXFileReference; lastKnownFileType = archive.ar; path = libPushSDK.a; sourceTree = "<group>"; };
		77D5ED9219682C0800686D87 /* PushConfig.plist */ = {isa = PBXFileReference; fileEncoding = 4; lastKnownFileType = text.plist.xml; path = PushConfig.plist; sourceTree = "<group>"; };
		A2EA2BB69CE04D728E516CD4 /* libPods.a */ = {isa = PBXFileReference; explicitFileType = archive.ar; includeInIndex = 0; path = libPods.a; sourceTree = BUILT_PRODUCTS_DIR; };
/* End PBXFileReference section */

/* Begin PBXFrameworksBuildPhase section */
		1875944618F2573100ABBD80 /* Frameworks */ = {
			isa = PBXFrameworksBuildPhase;
			buildActionMask = 2147483647;
			files = (
				18E31CFE191B1CDF005DDDDE /* CoreTelephony.framework in Frameworks */,
				18E31CFC191B1CD8005DDDDE /* CFNetwork.framework in Frameworks */,
				1875944F18F2573100ABBD80 /* CoreGraphics.framework in Frameworks */,
				1875945118F2573100ABBD80 /* UIKit.framework in Frameworks */,
				1875944D18F2573100ABBD80 /* Foundation.framework in Frameworks */,
				77D5ED9319682C0800686D87 /* libPushSDK.a in Frameworks */,
				B4527C8AE12045629F520250 /* libPods.a in Frameworks */,
			);
			runOnlyForDeploymentPostprocessing = 0;
		};
		1875946118F2573100ABBD80 /* Frameworks */ = {
			isa = PBXFrameworksBuildPhase;
			buildActionMask = 2147483647;
			files = (
				1875946618F2573100ABBD80 /* XCTest.framework in Frameworks */,
				1875946818F2573100ABBD80 /* UIKit.framework in Frameworks */,
				1875946718F2573100ABBD80 /* Foundation.framework in Frameworks */,
			);
			runOnlyForDeploymentPostprocessing = 0;
		};
/* End PBXFrameworksBuildPhase section */

/* Begin PBXGroup section */
		1875944018F2573100ABBD80 = {
			isa = PBXGroup;
			children = (
				1875945218F2573100ABBD80 /* Joy */,
				1875946B18F2573100ABBD80 /* JoyTests */,
				1875944B18F2573100ABBD80 /* Frameworks */,
				1875944A18F2573100ABBD80 /* Products */,
				4531E4A170424FF4B52FC584 /* Pods.xcconfig */,
			);
			sourceTree = "<group>";
		};
		1875944A18F2573100ABBD80 /* Products */ = {
			isa = PBXGroup;
			children = (
				1875944918F2573100ABBD80 /* Joy.app */,
				1875946418F2573100ABBD80 /* JoyTests.xctest */,
			);
			name = Products;
			sourceTree = "<group>";
		};
		1875944B18F2573100ABBD80 /* Frameworks */ = {
			isa = PBXGroup;
			children = (
				18E31CFD191B1CDF005DDDDE /* CoreTelephony.framework */,
				18E31CFB191B1CD8005DDDDE /* CFNetwork.framework */,
				1875944C18F2573100ABBD80 /* Foundation.framework */,
				1875944E18F2573100ABBD80 /* CoreGraphics.framework */,
				1875945018F2573100ABBD80 /* UIKit.framework */,
				1875946518F2573100ABBD80 /* XCTest.framework */,
				A2EA2BB69CE04D728E516CD4 /* libPods.a */,
			);
			name = Frameworks;
			sourceTree = "<group>";
		};
		1875945218F2573100ABBD80 /* Joy */ = {
			isa = PBXGroup;
			children = (
				1875945B18F2573100ABBD80 /* AppDelegate.h */,
				1875945C18F2573100ABBD80 /* AppDelegate.m */,
				1875953518F3EC4A00ABBD80 /* AppDelegate+Appearance.h */,
				1875953618F3EC4A00ABBD80 /* AppDelegate+Appearance.m */,
				1875947C18F289C300ABBD80 /* JAFHTTPClient.h */,
				1875947D18F289C300ABBD80 /* JAFHTTPClient.m */,
				1875949A18F2ADB400ABBD80 /* Model */,
				77D5ED841967AC5800686D87 /* Views */,
				77D5ED8B1967F59200686D87 /* Controllers */,
				1882542C18F6A17700477891 /* Catagories */,
				187594FD18F3A15E00ABBD80 /* Library */,
				77A66AE2195D25E300684EFD /* Useless */,
				1875945E18F2573100ABBD80 /* Images.xcassets */,
				1875945318F2573100ABBD80 /* Supporting Files */,
			);
			path = Joy;
			sourceTree = "<group>";
		};
		1875945318F2573100ABBD80 /* Supporting Files */ = {
			isa = PBXGroup;
			children = (
				1875945418F2573100ABBD80 /* Joy-Info.plist */,
				1875945518F2573100ABBD80 /* InfoPlist.strings */,
				1875945818F2573100ABBD80 /* main.m */,
				1875945A18F2573100ABBD80 /* Joy-Prefix.pch */,
			);
			name = "Supporting Files";
			sourceTree = "<group>";
		};
		1875946B18F2573100ABBD80 /* JoyTests */ = {
			isa = PBXGroup;
			children = (
				1875947118F2573100ABBD80 /* JoyTests.m */,
				1875946C18F2573100ABBD80 /* Supporting Files */,
			);
			path = JoyTests;
			sourceTree = "<group>";
		};
		1875946C18F2573100ABBD80 /* Supporting Files */ = {
			isa = PBXGroup;
			children = (
				1875946D18F2573100ABBD80 /* JoyTests-Info.plist */,
				1875946E18F2573100ABBD80 /* InfoPlist.strings */,
			);
			name = "Supporting Files";
			sourceTree = "<group>";
		};
		1875949A18F2ADB400ABBD80 /* Model */ = {
			isa = PBXGroup;
			children = (
				775FA502196BDEDD004D0A6D /* DSHCategory.h */,
				775FA503196BDEDD004D0A6D /* DSHCategory.m */,
				77D5ED811967AB4000686D87 /* ZBModel.h */,
				77D5ED821967AB4000686D87 /* ZBModel.m */,
				775FA4F0196BD633004D0A6D /* DSHCart.h */,
				775FA4F1196BD633004D0A6D /* DSHCart.m */,
				775FA4FE196BD67D004D0A6D /* DSHGoods.h */,
				775FA4F4196BD633004D0A6D /* DSHGoods.m */,
				77D5ED7E1967AAA900686D87 /* Module.h */,
				77D5ED7F1967AAA900686D87 /* Module.m */,
				777FBE23196A720400F3A6F6 /* Company.h */,
				777FBE24196A720400F3A6F6 /* Company.m */,
				1870BF2F1918BDCE00BC2498 /* Notice.h */,
				1870BF301918BDCE00BC2498 /* Notice.m */,
				1875949B18F2ADC800ABBD80 /* JUser.h */,
				1875949C18F2ADC800ABBD80 /* JUser.m */,
				1875953818F4E15500ABBD80 /* WelInfo.h */,
				1875953918F4E15500ABBD80 /* WelInfo.m */,
				1801880718F6723B005FBBE8 /* ScoreInfo.h */,
				1801880818F6723B005FBBE8 /* ScoreInfo.m */,
				1801880F18F67AD6005FBBE8 /* OrderInfo.h */,
				1801881018F67AD6005FBBE8 /* OrderInfo.m */,
				18A8AE7B191A1BB8002D78D2 /* Event.h */,
				18A8AE7C191A1BB8002D78D2 /* Event.m */,
				18E31D01191B5D0F005DDDDE /* Survery.h */,
				18E31D02191B5D0F005DDDDE /* Survery.m */,
			);
			name = Model;
			sourceTree = "<group>";
		};
		187594FD18F3A15E00ABBD80 /* Library */ = {
			isa = PBXGroup;
			children = (
				77D5ED8F19682C0800686D87 /* JPush */,
			);
			name = Library;
			sourceTree = "<group>";
		};
		1882542C18F6A17700477891 /* Catagories */ = {
			isa = PBXGroup;
			children = (
				77D5ED881967C80D00686D87 /* NSString+Joy.h */,
				77D5ED891967C80D00686D87 /* NSString+Joy.m */,
				77D5ED8C1967F84C00686D87 /* UIColor+Joy.h */,
				77D5ED8D1967F84C00686D87 /* UIColor+Joy.m */,
			);
			name = Catagories;
			sourceTree = "<group>";
		};
		77A66AE2195D25E300684EFD /* Useless */ = {
			isa = PBXGroup;
			children = (
				1875948118F2ABC800ABBD80 /* HomeViewController.h */,
				1875948218F2ABC800ABBD80 /* HomeViewController.m */,
				1875948318F2ABC800ABBD80 /* HomeViewController.xib */,
			);
			name = Useless;
			sourceTree = "<group>";
		};
		77D5ED841967AC5800686D87 /* Views */ = {
			isa = PBXGroup;
			children = (
				775FA4EE196BD5B4004D0A6D /* ZBHorizontalScrollTableViewCell.h */,
				775FA4ED196BD5B4004D0A6D /* ZBHorizontalScrollTableViewCell.m */,
				775FA4F5196BD633004D0A6D /* DSHGoodsTableViewCell.h */,
				775FA4F6196BD633004D0A6D /* DSHGoodsTableViewCell.m */,
				775FA4F7196BD633004D0A6D /* DSHGoodsView.h */,
				775FA4F8196BD633004D0A6D /* DSHGoodsView.m */,
				1870BF2C1918B95600BC2498 /* NoticeCell.h */,
				1870BF2D1918B95600BC2498 /* NoticeCell.m */,
				77D5ED851967AC8D00686D87 /* ModelCollectionViewCell.h */,
				77D5ED861967AC8D00686D87 /* ModelCollectionViewCell.m */,
				18A8AE78191A132E002D78D2 /* EventCell.h */,
				18A8AE79191A132F002D78D2 /* EventCell.m */,
				18E31D09191B7125005DDDDE /* SurveryCell.h */,
				18E31D0A191B7125005DDDDE /* SurveryCell.m */,
				1801881318F688FE005FBBE8 /* JoyCell.h */,
				1801881418F688FE005FBBE8 /* JoyCell.m */,
				1801881518F688FE005FBBE8 /* JoyCell.xib */,
				1801880A18F67986005FBBE8 /* OrderCell.h */,
				1801880B18F67986005FBBE8 /* OrderCell.m */,
				1801880C18F67986005FBBE8 /* OrderCell.xib */,
			);
			name = Views;
			sourceTree = "<group>";
		};
		77D5ED8B1967F59200686D87 /* Controllers */ = {
			isa = PBXGroup;
			children = (
				7756B7BD196C20CF00E61168 /* DSHCategoryGoodsViewController.h */,
				7756B7BE196C20CF00E61168 /* DSHCategoryGoodsViewController.m */,
				775FA4FF196BD991004D0A6D /* LogoStoreViewController.h */,
				775FA500196BD991004D0A6D /* LogoStoreViewController.m */,
				1870BF321918D89D00BC2498 /* ModuleViewController.h */,
				1870BF331918D89D00BC2498 /* ModuleViewController.m */,
				18A8AE7E191A2CB2002D78D2 /* EventDetailViewController.h */,
				18A8AE7F191A2CB2002D78D2 /* EventDetailViewController.m */,
				18A8AE80191A2CB2002D78D2 /* EventDetailViewController.xib */,
				18E31D04191B6AEF005DDDDE /* SurveryViewController.h */,
				18E31D05191B6AEF005DDDDE /* SurveryViewController.m */,
				18E31D06191B6AEF005DDDDE /* SurveryViewController.xib */,
				1875953B18F4EC6900ABBD80 /* WelDetailViewController.h */,
				1875953C18F4EC6900ABBD80 /* WelDetailViewController.m */,
				1875953D18F4EC6900ABBD80 /* WelDetailViewController.xib */,
				1875954018F4FC0E00ABBD80 /* MyOrderListViewController.h */,
				1875954118F4FC0E00ABBD80 /* MyOrderListViewController.m */,
				1875954218F4FC0E00ABBD80 /* MyOrderListViewController.xib */,
				180187F318F62EED005FBBE8 /* BuyWelViewController.h */,
				180187F418F62EED005FBBE8 /* BuyWelViewController.m */,
				180187F618F6315C005FBBE8 /* BuyWelViewController.xib */,
				1875952B18F3A3F200ABBD80 /* SignInViewController.h */,
				1875952C18F3A3F200ABBD80 /* SignInViewController.m */,
				1875952D18F3A3F200ABBD80 /* SignInViewController.xib */,
				1801880218F66E78005FBBE8 /* UserScoreViewController.h */,
				1801880318F66E78005FBBE8 /* UserScoreViewController.m */,
				1801880418F66E78005FBBE8 /* UserScoreViewController.xib */,
				18E1204918FE54D400B747EE /* CompanyViewController.h */,
				18E1204A18FE54D400B747EE /* CompanyViewController.m */,
				1875948B18F2ABEA00ABBD80 /* ServiceViewController.h */,
				1875948C18F2ABEA00ABBD80 /* ServiceViewController.m */,
				1875948D18F2ABEA00ABBD80 /* ServiceViewController.xib */,
				1875949518F2AC8600ABBD80 /* StoreViewController.h */,
				1875949618F2AC8600ABBD80 /* StoreViewController.m */,
				77A66AE3195D33FA00684EFD /* StoreViewController.xib */,
				77A66ADF195D25A300684EFD /* CartViewController.h */,
				77A66AE0195D25A300684EFD /* CartViewController.m */,
				1875949018F2AC3500ABBD80 /* MeViewController.h */,
				1875949118F2AC3500ABBD80 /* MeViewController.m */,
				1875949218F2AC3500ABBD80 /* MeViewController.xib */,
				1875948618F2ABDC00ABBD80 /* JoyViewController.h */,
				1875948718F2ABDC00ABBD80 /* JoyViewController.m */,
				1875948818F2ABDC00ABBD80 /* JoyViewController.xib */,
				180187F818F6628D005FBBE8 /* MeDetailViewController.h */,
				180187F918F6628D005FBBE8 /* MeDetailViewController.m */,
				180187FD18F66799005FBBE8 /* ChangePwdViewController.h */,
				180187FE18F66799005FBBE8 /* ChangePwdViewController.m */,
				180187FF18F66799005FBBE8 /* ChangePwdViewController.xib */,
			);
			name = Controllers;
			sourceTree = "<group>";
		};
		77D5ED8F19682C0800686D87 /* JPush */ = {
			isa = PBXGroup;
			children = (
				77D5ED9019682C0800686D87 /* APService.h */,
				77D5ED9119682C0800686D87 /* libPushSDK.a */,
				77D5ED9219682C0800686D87 /* PushConfig.plist */,
			);
			name = JPush;
			path = Libraries/JPush;
			sourceTree = SOURCE_ROOT;
		};
/* End PBXGroup section */

/* Begin PBXNativeTarget section */
		1875944818F2573100ABBD80 /* Joy */ = {
			isa = PBXNativeTarget;
			buildConfigurationList = 1875947518F2573100ABBD80 /* Build configuration list for PBXNativeTarget "Joy" */;
			buildPhases = (
				F89CA8F2751449CAA34259BE /* Check Pods Manifest.lock */,
				1875944518F2573100ABBD80 /* Sources */,
				1875944618F2573100ABBD80 /* Frameworks */,
				1875944718F2573100ABBD80 /* Resources */,
				5DC66E3663764E2CB6478808 /* Copy Pods Resources */,
			);
			buildRules = (
			);
			dependencies = (
			);
			name = Joy;
			productName = Joy;
			productReference = 1875944918F2573100ABBD80 /* Joy.app */;
			productType = "com.apple.product-type.application";
		};
		1875946318F2573100ABBD80 /* JoyTests */ = {
			isa = PBXNativeTarget;
			buildConfigurationList = 1875947818F2573100ABBD80 /* Build configuration list for PBXNativeTarget "JoyTests" */;
			buildPhases = (
				1875946018F2573100ABBD80 /* Sources */,
				1875946118F2573100ABBD80 /* Frameworks */,
				1875946218F2573100ABBD80 /* Resources */,
			);
			buildRules = (
			);
			dependencies = (
				1875946A18F2573100ABBD80 /* PBXTargetDependency */,
			);
			name = JoyTests;
			productName = JoyTests;
			productReference = 1875946418F2573100ABBD80 /* JoyTests.xctest */;
			productType = "com.apple.product-type.bundle.unit-test";
		};
/* End PBXNativeTarget section */

/* Begin PBXProject section */
		1875944118F2573100ABBD80 /* Project object */ = {
			isa = PBXProject;
			attributes = {
				LastUpgradeCheck = 0500;
				ORGANIZATIONNAME = "颜超";
				TargetAttributes = {
					1875944818F2573100ABBD80 = {
						DevelopmentTeam = VYKX7479JD;
					};
					1875946318F2573100ABBD80 = {
						TestTargetID = 1875944818F2573100ABBD80;
					};
				};
			};
			buildConfigurationList = 1875944418F2573100ABBD80 /* Build configuration list for PBXProject "Joy" */;
			compatibilityVersion = "Xcode 3.2";
			developmentRegion = English;
			hasScannedForEncodings = 0;
			knownRegions = (
				en,
				"zh-Hans",
			);
			mainGroup = 1875944018F2573100ABBD80;
			productRefGroup = 1875944A18F2573100ABBD80 /* Products */;
			projectDirPath = "";
			projectRoot = "";
			targets = (
				1875944818F2573100ABBD80 /* Joy */,
				1875946318F2573100ABBD80 /* JoyTests */,
			);
		};
/* End PBXProject section */

/* Begin PBXResourcesBuildPhase section */
		1875944718F2573100ABBD80 /* Resources */ = {
			isa = PBXResourcesBuildPhase;
			buildActionMask = 2147483647;
			files = (
				18A8AE82191A2CB2002D78D2 /* EventDetailViewController.xib in Resources */,
				18E31D08191B6AEF005DDDDE /* SurveryViewController.xib in Resources */,
				180187F718F6315C005FBBE8 /* BuyWelViewController.xib in Resources */,
				1801880118F66799005FBBE8 /* ChangePwdViewController.xib in Resources */,
				1875952F18F3A3F200ABBD80 /* SignInViewController.xib in Resources */,
				1801880E18F67986005FBBE8 /* OrderCell.xib in Resources */,
				1801880618F66E78005FBBE8 /* UserScoreViewController.xib in Resources */,
				1875954418F4FC0E00ABBD80 /* MyOrderListViewController.xib in Resources */,
				1875949418F2AC3500ABBD80 /* MeViewController.xib in Resources */,
				1875953F18F4EC6900ABBD80 /* WelDetailViewController.xib in Resources */,
				77D5ED9419682C0800686D87 /* PushConfig.plist in Resources */,
				1875948F18F2ABEA00ABBD80 /* ServiceViewController.xib in Resources */,
				1875945718F2573100ABBD80 /* InfoPlist.strings in Resources */,
				77A66AE4195D33FA00684EFD /* StoreViewController.xib in Resources */,
				1875945F18F2573100ABBD80 /* Images.xcassets in Resources */,
				1875948518F2ABC800ABBD80 /* HomeViewController.xib in Resources */,
				1801881718F688FE005FBBE8 /* JoyCell.xib in Resources */,
				1875948A18F2ABDC00ABBD80 /* JoyViewController.xib in Resources */,
			);
			runOnlyForDeploymentPostprocessing = 0;
		};
		1875946218F2573100ABBD80 /* Resources */ = {
			isa = PBXResourcesBuildPhase;
			buildActionMask = 2147483647;
			files = (
				1875947018F2573100ABBD80 /* InfoPlist.strings in Resources */,
			);
			runOnlyForDeploymentPostprocessing = 0;
		};
/* End PBXResourcesBuildPhase section */

/* Begin PBXShellScriptBuildPhase section */
		5DC66E3663764E2CB6478808 /* Copy Pods Resources */ = {
			isa = PBXShellScriptBuildPhase;
			buildActionMask = 2147483647;
			files = (
			);
			inputPaths = (
			);
			name = "Copy Pods Resources";
			outputPaths = (
			);
			runOnlyForDeploymentPostprocessing = 0;
			shellPath = /bin/sh;
			shellScript = "\"${SRCROOT}/Pods/Pods-resources.sh\"\n";
			showEnvVarsInLog = 0;
		};
		F89CA8F2751449CAA34259BE /* Check Pods Manifest.lock */ = {
			isa = PBXShellScriptBuildPhase;
			buildActionMask = 2147483647;
			files = (
			);
			inputPaths = (
			);
			name = "Check Pods Manifest.lock";
			outputPaths = (
			);
			runOnlyForDeploymentPostprocessing = 0;
			shellPath = /bin/sh;
			shellScript = "diff \"${PODS_ROOT}/../Podfile.lock\" \"${PODS_ROOT}/Manifest.lock\" > /dev/null\nif [[ $? != 0 ]] ; then\n    cat << EOM\nerror: The sandbox is not in sync with the Podfile.lock. Run 'pod install' or update your CocoaPods installation.\nEOM\n    exit 1\nfi\n";
			showEnvVarsInLog = 0;
		};
/* End PBXShellScriptBuildPhase section */

/* Begin PBXSourcesBuildPhase section */
		1875944518F2573100ABBD80 /* Sources */ = {
			isa = PBXSourcesBuildPhase;
			buildActionMask = 2147483647;
			files = (
				18E31D07191B6AEF005DDDDE /* SurveryViewController.m in Sources */,
				180187F518F62EED005FBBE8 /* BuyWelViewController.m in Sources */,
				1875953A18F4E15500ABBD80 /* WelInfo.m in Sources */,
				18A8AE81191A2CB2002D78D2 /* EventDetailViewController.m in Sources */,
				1870BF2E1918B95600BC2498 /* NoticeCell.m in Sources */,
				77D5ED831967AB4000686D87 /* ZBModel.m in Sources */,
				1801881118F67AD6005FBBE8 /* OrderInfo.m in Sources */,
				775FA4FB196BD633004D0A6D /* DSHGoods.m in Sources */,
				1801880018F66799005FBBE8 /* ChangePwdViewController.m in Sources */,
				18E31D03191B5D0F005DDDDE /* Survery.m in Sources */,
				775FA4FD196BD633004D0A6D /* DSHGoodsView.m in Sources */,
				77D5ED801967AAA900686D87 /* Module.m in Sources */,
				1870BF351918D89D00BC2498 /* ModuleViewController.m in Sources */,
				777FBE25196A720400F3A6F6 /* Company.m in Sources */,
				18E1204C18FE54D400B747EE /* CompanyViewController.m in Sources */,
				18A8AE7D191A1BB8002D78D2 /* Event.m in Sources */,
				775FA4F9196BD633004D0A6D /* DSHCart.m in Sources */,
				1875949D18F2ADC800ABBD80 /* JUser.m in Sources */,
				18A8AE7A191A132F002D78D2 /* EventCell.m in Sources */,
				1870BF311918BDCE00BC2498 /* Notice.m in Sources */,
				1875947E18F289C300ABBD80 /* JAFHTTPClient.m in Sources */,
				1875945D18F2573100ABBD80 /* AppDelegate.m in Sources */,
				77A66AE1195D25A300684EFD /* CartViewController.m in Sources */,
				1875949318F2AC3500ABBD80 /* MeViewController.m in Sources */,
				7756B7BF196C20CF00E61168 /* DSHCategoryGoodsViewController.m in Sources */,
				1801881618F688FE005FBBE8 /* JoyCell.m in Sources */,
				1801880918F6723B005FBBE8 /* ScoreInfo.m in Sources */,
				1875952E18F3A3F200ABBD80 /* SignInViewController.m in Sources */,
				77D5ED8A1967C80D00686D87 /* NSString+Joy.m in Sources */,
				1875948E18F2ABEA00ABBD80 /* ServiceViewController.m in Sources */,
				1801880518F66E78005FBBE8 /* UserScoreViewController.m in Sources */,
				1875953718F3EC4A00ABBD80 /* AppDelegate+Appearance.m in Sources */,
				775FA4EF196BD5B4004D0A6D /* ZBHorizontalScrollTableViewCell.m in Sources */,
				775FA4FC196BD633004D0A6D /* DSHGoodsTableViewCell.m in Sources */,
				77D5ED871967AC8D00686D87 /* ModelCollectionViewCell.m in Sources */,
				1875949818F2AC8600ABBD80 /* StoreViewController.m in Sources */,
				1875948918F2ABDC00ABBD80 /* JoyViewController.m in Sources */,
				180187FB18F6628D005FBBE8 /* MeDetailViewController.m in Sources */,
				1875945918F2573100ABBD80 /* main.m in Sources */,
				18E31D0B191B7125005DDDDE /* SurveryCell.m in Sources */,
				775FA504196BDEDD004D0A6D /* DSHCategory.m in Sources */,
				1875954318F4FC0E00ABBD80 /* MyOrderListViewController.m in Sources */,
				775FA501196BD991004D0A6D /* LogoStoreViewController.m in Sources */,
				1801880D18F67986005FBBE8 /* OrderCell.m in Sources */,
				1875953E18F4EC6900ABBD80 /* WelDetailViewController.m in Sources */,
				77D5ED8E1967F84C00686D87 /* UIColor+Joy.m in Sources */,
				1875948418F2ABC800ABBD80 /* HomeViewController.m in Sources */,
			);
			runOnlyForDeploymentPostprocessing = 0;
		};
		1875946018F2573100ABBD80 /* Sources */ = {
			isa = PBXSourcesBuildPhase;
			buildActionMask = 2147483647;
			files = (
				1875947218F2573100ABBD80 /* JoyTests.m in Sources */,
			);
			runOnlyForDeploymentPostprocessing = 0;
		};
/* End PBXSourcesBuildPhase section */

/* Begin PBXTargetDependency section */
		1875946A18F2573100ABBD80 /* PBXTargetDependency */ = {
			isa = PBXTargetDependency;
			target = 1875944818F2573100ABBD80 /* Joy */;
			targetProxy = 1875946918F2573100ABBD80 /* PBXContainerItemProxy */;
		};
/* End PBXTargetDependency section */

/* Begin PBXVariantGroup section */
		1875945518F2573100ABBD80 /* InfoPlist.strings */ = {
			isa = PBXVariantGroup;
			children = (
				1875945618F2573100ABBD80 /* en */,
				1839327D1901077000DA5A09 /* zh-Hans */,
			);
			name = InfoPlist.strings;
			sourceTree = "<group>";
		};
		1875946E18F2573100ABBD80 /* InfoPlist.strings */ = {
			isa = PBXVariantGroup;
			children = (
				1875946F18F2573100ABBD80 /* en */,
				1839327E1901077000DA5A09 /* zh-Hans */,
			);
			name = InfoPlist.strings;
			sourceTree = "<group>";
		};
/* End PBXVariantGroup section */

/* Begin XCBuildConfiguration section */
		1875947318F2573100ABBD80 /* Debug */ = {
			isa = XCBuildConfiguration;
			buildSettings = {
				ALWAYS_SEARCH_USER_PATHS = NO;
				ARCHS = "$(ARCHS_STANDARD_INCLUDING_64_BIT)";
				CLANG_CXX_LANGUAGE_STANDARD = "gnu++0x";
				CLANG_CXX_LIBRARY = "libc++";
				CLANG_ENABLE_MODULES = YES;
				CLANG_ENABLE_OBJC_ARC = YES;
				CLANG_WARN_BOOL_CONVERSION = YES;
				CLANG_WARN_CONSTANT_CONVERSION = YES;
				CLANG_WARN_DIRECT_OBJC_ISA_USAGE = YES_ERROR;
				CLANG_WARN_EMPTY_BODY = YES;
				CLANG_WARN_ENUM_CONVERSION = YES;
				CLANG_WARN_INT_CONVERSION = YES;
				CLANG_WARN_OBJC_ROOT_CLASS = YES_ERROR;
				CLANG_WARN__DUPLICATE_METHOD_MATCH = YES;
				CODE_SIGN_IDENTITY = "iPhone Developer: Shaojie Zhou (YZ3DRV6329)";
				"CODE_SIGN_IDENTITY[sdk=iphoneos*]" = "iPhone Developer: Shaojie Zhou (YZ3DRV6329)";
				COPY_PHASE_STRIP = NO;
				GCC_C_LANGUAGE_STANDARD = gnu99;
				GCC_DYNAMIC_NO_PIC = NO;
				GCC_OPTIMIZATION_LEVEL = 0;
				GCC_PREPROCESSOR_DEFINITIONS = (
					"DEBUG=1",
					"$(inherited)",
				);
				GCC_SYMBOLS_PRIVATE_EXTERN = NO;
				GCC_WARN_64_TO_32_BIT_CONVERSION = YES;
				GCC_WARN_ABOUT_RETURN_TYPE = YES_ERROR;
				GCC_WARN_UNDECLARED_SELECTOR = YES;
				GCC_WARN_UNINITIALIZED_AUTOS = YES;
				GCC_WARN_UNUSED_FUNCTION = YES;
				GCC_WARN_UNUSED_VARIABLE = YES;
				IPHONEOS_DEPLOYMENT_TARGET = 7.0;
				ONLY_ACTIVE_ARCH = YES;
				SDKROOT = iphoneos;
			};
			name = Debug;
		};
		1875947418F2573100ABBD80 /* Release */ = {
			isa = XCBuildConfiguration;
			buildSettings = {
				ALWAYS_SEARCH_USER_PATHS = NO;
				ARCHS = "$(ARCHS_STANDARD_INCLUDING_64_BIT)";
				CLANG_CXX_LANGUAGE_STANDARD = "gnu++0x";
				CLANG_CXX_LIBRARY = "libc++";
				CLANG_ENABLE_MODULES = YES;
				CLANG_ENABLE_OBJC_ARC = YES;
				CLANG_WARN_BOOL_CONVERSION = YES;
				CLANG_WARN_CONSTANT_CONVERSION = YES;
				CLANG_WARN_DIRECT_OBJC_ISA_USAGE = YES_ERROR;
				CLANG_WARN_EMPTY_BODY = YES;
				CLANG_WARN_ENUM_CONVERSION = YES;
				CLANG_WARN_INT_CONVERSION = YES;
				CLANG_WARN_OBJC_ROOT_CLASS = YES_ERROR;
				CLANG_WARN__DUPLICATE_METHOD_MATCH = YES;
				CODE_SIGN_IDENTITY = "iPhone Distribution: Shaojie Zhou (VYKX7479JD)";
				"CODE_SIGN_IDENTITY[sdk=iphoneos*]" = "iPhone Distribution: Shaojie Zhou (VYKX7479JD)";
				COPY_PHASE_STRIP = YES;
				ENABLE_NS_ASSERTIONS = NO;
				GCC_C_LANGUAGE_STANDARD = gnu99;
				GCC_WARN_64_TO_32_BIT_CONVERSION = YES;
				GCC_WARN_ABOUT_RETURN_TYPE = YES_ERROR;
				GCC_WARN_UNDECLARED_SELECTOR = YES;
				GCC_WARN_UNINITIALIZED_AUTOS = YES;
				GCC_WARN_UNUSED_FUNCTION = YES;
				GCC_WARN_UNUSED_VARIABLE = YES;
				IPHONEOS_DEPLOYMENT_TARGET = 7.0;
				SDKROOT = iphoneos;
				VALIDATE_PRODUCT = YES;
			};
			name = Release;
		};
		1875947618F2573100ABBD80 /* Debug */ = {
			isa = XCBuildConfiguration;
			baseConfigurationReference = 4531E4A170424FF4B52FC584 /* Pods.xcconfig */;
			buildSettings = {
				ASSETCATALOG_COMPILER_APPICON_NAME = AppIcon;
				ASSETCATALOG_COMPILER_LAUNCHIMAGE_NAME = LaunchImage;
				CODE_SIGN_IDENTITY = "iPhone Developer: Shaojie Zhou (YZ3DRV6329)";
				"CODE_SIGN_IDENTITY[sdk=iphoneos*]" = "iPhone Developer: Shaojie Zhou (YZ3DRV6329)";
				GCC_PRECOMPILE_PREFIX_HEADER = YES;
				GCC_PREFIX_HEADER = "Joy/Joy-Prefix.pch";
				INFOPLIST_FILE = "Joy/Joy-Info.plist";
				IPHONEOS_DEPLOYMENT_TARGET = 6.0;
				LIBRARY_SEARCH_PATHS = (
					"$(inherited)",
					"$(PROJECT_DIR)/Libraries/JPush",
				);
				PRODUCT_NAME = "$(TARGET_NAME)";
				PROVISIONING_PROFILE = "";
				WRAPPER_EXTENSION = app;
			};
			name = Debug;
		};
		1875947718F2573100ABBD80 /* Release */ = {
			isa = XCBuildConfiguration;
			baseConfigurationReference = 4531E4A170424FF4B52FC584 /* Pods.xcconfig */;
			buildSettings = {
				ASSETCATALOG_COMPILER_APPICON_NAME = AppIcon;
				ASSETCATALOG_COMPILER_LAUNCHIMAGE_NAME = LaunchImage;
				CODE_SIGN_IDENTITY = "iPhone Distribution: Shaojie Zhou (VYKX7479JD)";
				"CODE_SIGN_IDENTITY[sdk=iphoneos*]" = "iPhone Distribution: Shaojie Zhou (VYKX7479JD)";
				GCC_PRECOMPILE_PREFIX_HEADER = YES;
				GCC_PREFIX_HEADER = "Joy/Joy-Prefix.pch";
				INFOPLIST_FILE = "Joy/Joy-Info.plist";
				IPHONEOS_DEPLOYMENT_TARGET = 6.0;
				LIBRARY_SEARCH_PATHS = (
					"$(inherited)",
					"$(PROJECT_DIR)/Libraries/JPush",
				);
				PRODUCT_NAME = "$(TARGET_NAME)";
				PROVISIONING_PROFILE = "";
				WRAPPER_EXTENSION = app;
			};
			name = Release;
		};
		1875947918F2573100ABBD80 /* Debug */ = {
			isa = XCBuildConfiguration;
			buildSettings = {
				ARCHS = "$(ARCHS_STANDARD_INCLUDING_64_BIT)";
				BUNDLE_LOADER = "$(BUILT_PRODUCTS_DIR)/Joy.app/Joy";
				FRAMEWORK_SEARCH_PATHS = (
					"$(SDKROOT)/Developer/Library/Frameworks",
					"$(inherited)",
					"$(DEVELOPER_FRAMEWORKS_DIR)",
				);
				GCC_PRECOMPILE_PREFIX_HEADER = YES;
				GCC_PREFIX_HEADER = "Joy/Joy-Prefix.pch";
				GCC_PREPROCESSOR_DEFINITIONS = (
					"DEBUG=1",
					"$(inherited)",
				);
				INFOPLIST_FILE = "JoyTests/JoyTests-Info.plist";
				PRODUCT_NAME = "$(TARGET_NAME)";
				TEST_HOST = "$(BUNDLE_LOADER)";
				WRAPPER_EXTENSION = xctest;
			};
			name = Debug;
		};
		1875947A18F2573100ABBD80 /* Release */ = {
			isa = XCBuildConfiguration;
			buildSettings = {
				ARCHS = "$(ARCHS_STANDARD_INCLUDING_64_BIT)";
				BUNDLE_LOADER = "$(BUILT_PRODUCTS_DIR)/Joy.app/Joy";
				FRAMEWORK_SEARCH_PATHS = (
					"$(SDKROOT)/Developer/Library/Frameworks",
					"$(inherited)",
					"$(DEVELOPER_FRAMEWORKS_DIR)",
				);
				GCC_PRECOMPILE_PREFIX_HEADER = YES;
				GCC_PREFIX_HEADER = "Joy/Joy-Prefix.pch";
				INFOPLIST_FILE = "JoyTests/JoyTests-Info.plist";
				PRODUCT_NAME = "$(TARGET_NAME)";
				TEST_HOST = "$(BUNDLE_LOADER)";
				WRAPPER_EXTENSION = xctest;
			};
			name = Release;
		};
/* End XCBuildConfiguration section */

/* Begin XCConfigurationList section */
		1875944418F2573100ABBD80 /* Build configuration list for PBXProject "Joy" */ = {
			isa = XCConfigurationList;
			buildConfigurations = (
				1875947318F2573100ABBD80 /* Debug */,
				1875947418F2573100ABBD80 /* Release */,
			);
			defaultConfigurationIsVisible = 0;
			defaultConfigurationName = Release;
		};
		1875947518F2573100ABBD80 /* Build configuration list for PBXNativeTarget "Joy" */ = {
			isa = XCConfigurationList;
			buildConfigurations = (
				1875947618F2573100ABBD80 /* Debug */,
				1875947718F2573100ABBD80 /* Release */,
			);
			defaultConfigurationIsVisible = 0;
			defaultConfigurationName = Release;
		};
		1875947818F2573100ABBD80 /* Build configuration list for PBXNativeTarget "JoyTests" */ = {
			isa = XCConfigurationList;
			buildConfigurations = (
				1875947918F2573100ABBD80 /* Debug */,
				1875947A18F2573100ABBD80 /* Release */,
			);
			defaultConfigurationIsVisible = 0;
			defaultConfigurationName = Release;
		};
/* End XCConfigurationList section */
	};
	rootObject = 1875944118F2573100ABBD80 /* Project object */;
}
